{
  "name": "threejs-cases",
  "version": "1.0.0",
  "lockfileVersion": 1,
  "requires": true,
  "dependencies": {
    "three": {
      "version": "0.118.3",
      "resolved": "http://10.153.3.130:8080/repository/npm-group/three/-/three-0.118.3.tgz",
      "integrity": "sha1-wL+MEKaBVUePEvTMrC/5eVJqSgo="
    }
  }
}
